
Microsoft Visual Studio Solution File, Format Version 12.00
# Visual Studio Version 17
VisualStudioVersion = 17.11.35303.130
MinimumVisualStudioVersion = 10.0.40219.1
Project("{FAE04EC0-301F-11D3-BF4B-00C04F79EFBC}") = "PR3", "PR3\PR3.csproj", "{BF7AD011-9A78-4121-9891-4E87DD59E5BD}"
EndProject
Global
	GlobalSection(SolutionConfigurationPlatforms) = preSolution
		Debug|Any CPU = Debug|Any CPU
		Release|Any CPU = Release|Any CPU
	EndGlobalSection
	GlobalSection(ProjectConfigurationPlatforms) = postSolution
		{BF7AD011-9A78-4121-9891-4E87DD59E5BD}.Debug|Any CPU.ActiveCfg = Debug|Any CPU
		{BF7AD011-9A78-4121-9891-4E87DD59E5BD}.Debug|Any CPU.Build.0 = Debug|Any CPU
		{BF7AD011-9A78-4121-9891-4E87DD59E5BD}.Release|Any CPU.ActiveCfg = Release|Any CPU
		{BF7AD011-9A78-4121-9891-4E87DD59E5BD}.Release|Any CPU.Build.0 = Release|Any CPU
	EndGlobalSection
	GlobalSection(SolutionProperties) = preSolution
		HideSolutionNode = FALSE
	EndGlobalSection
	GlobalSection(ExtensibilityGlobals) = postSolution
		SolutionGuid = {3606D3B3-6B58-43F8-A61A-C2C3D4B3CDA3}
	EndGlobalSection
EndGlobal
